// !$*UTF8*$!
{
	archiveVersion = 1;
	classes = {
	};
	objectVersion = 46;
	objects = {

/* Begin PBXBuildFile section */
		2D630EB51AA815B4009A601E /* main.m in Sources */ = {isa = PBXBuildFile; fileRef = 2D630EB41AA815B4009A601E /* main.m */; };
		2D630EB81AA815B4009A601E /* AppDelegate.m in Sources */ = {isa = PBXBuildFile; fileRef = 2D630EB71AA815B4009A601E /* AppDelegate.m */; };
		2D630EBB1AA815B4009A601E /* ViewController.m in Sources */ = {isa = PBXBuildFile; fileRef = 2D630EBA1AA815B4009A601E /* ViewController.m */; };
		2D630EBE1AA815B4009A601E /* Main.storyboard in Resources */ = {isa = PBXBuildFile; fileRef = 2D630EBC1AA815B4009A601E /* Main.storyboard */; };
		2D630EC01AA815B4009A601E /* Images.xcassets in Resources */ = {isa = PBXBuildFile; fileRef = 2D630EBF1AA815B4009A601E /* Images.xcassets */; };
		2D630EC31AA815B4009A601E /* LaunchScreen.xib in Resources */ = {isa = PBXBuildFile; fileRef = 2D630EC11AA815B4009A601E /* LaunchScreen.xib */; };
		2D630ECF1AA815B5009A601E /* DBSHackTests.m in Sources */ = {isa = PBXBuildFile; fileRef = 2D630ECE1AA815B5009A601E /* DBSHackTests.m */; };
		2DDD93B71AA9444C0026E3DD /* WebViewController.m in Sources */ = {isa = PBXBuildFile; fileRef = 2DDD93B61AA9444C0026E3DD /* WebViewController.m */; };
		2DDD93B91AA94B9E0026E3DD /* Jnnrm.jpg in Resources */ = {isa = PBXBuildFile; fileRef = 2DDD93B81AA94B9E0026E3DD /* Jnnrm.jpg */; };
/* End PBXBuildFile section */

/* Begin PBXContainerItemProxy section */
		2D630EC91AA815B4009A601E /* PBXContainerItemProxy */ = {
			isa = PBXContainerItemProxy;
			containerPortal = 2D630EA71AA815B4009A601E /* Project object */;
			proxyType = 1;
			remoteGlobalIDString = 2D630EAE1AA815B4009A601E;
			remoteInfo = DBSHack;
		};
/* End PBXContainerItemProxy section */

/* Begin PBXFileReference section */
		2D630EAF1AA815B4009A601E /* DBSHack.app */ = {isa = PBXFileReference; explicitFileType = wrapper.application; includeInIndex = 0; path = DBSHack.app; sourceTree = BUILT_PRODUCTS_DIR; };
		2D630EB31AA815B4009A601E /* Info.plist */ = {isa = PBXFileReference; lastKnownFileType = text.plist.xml; path = Info.plist; sourceTree = "<group>"; };
		2D630EB41AA815B4009A601E /* main.m */ = {isa = PBXFileReference; lastKnownFileType = sourcecode.c.objc; path = main.m; sourceTree = "<group>"; };
		2D630EB61AA815B4009A601E /* AppDelegate.h */ = {isa = PBXFileReference; lastKnownFileType = sourcecode.c.h; path = AppDelegate.h; sourceTree = "<group>"; };
		2D630EB71AA815B4009A601E /* AppDelegate.m */ = {isa = PBXFileReference; lastKnownFileType = sourcecode.c.objc; path = AppDelegate.m; sourceTree = "<group>"; };
		2D630EB91AA815B4009A601E /* ViewController.h */ = {isa = PBXFileReference; lastKnownFileType = sourcecode.c.h; path = ViewController.h; sourceTree = "<group>"; };
		2D630EBA1AA815B4009A601E /* ViewController.m */ = {isa = PBXFileReference; lastKnownFileType = sourcecode.c.objc; path = ViewController.m; sourceTree = "<group>"; };
		2D630EBD1AA815B4009A601E /* Base */ = {isa = PBXFileReference; lastKnownFileType = file.storyboard; name = Base; path = Base.lproj/Main.storyboard; sourceTree = "<group>"; };
		2D630EBF1AA815B4009A601E /* Images.xcassets */ = {isa = PBXFileReference; lastKnownFileType = folder.assetcatalog; path = Images.xcassets; sourceTree = "<group>"; };
		2D630EC21AA815B4009A601E /* Base */ = {isa = PBXFileReference; lastKnownFileType = file.xib; name = Base; path = Base.lproj/LaunchScreen.xib; sourceTree = "<group>"; };
		2D630EC81AA815B4009A601E /* DBSHackTests.xctest */ = {isa = PBXFileReference; explicitFileType = wrapper.cfbundle; includeInIndex = 0; path = DBSHackTests.xctest; sourceTree = BUILT_PRODUCTS_DIR; };
		2D630ECD1AA815B4009A601E /* Info.plist */ = {isa = PBXFileReference; lastKnownFileType = text.plist.xml; path = Info.plist; sourceTree = "<group>"; };
		2D630ECE1AA815B5009A601E /* DBSHackTests.m */ = {isa = PBXFileReference; lastKnownFileType = sourcecode.c.objc; path = DBSHackTests.m; sourceTree = "<group>"; };
		2DDD93B51AA9444C0026E3DD /* WebViewController.h */ = {isa = PBXFileReference; fileEncoding = 4; lastKnownFileType = sourcecode.c.h; path = WebViewController.h; sourceTree = "<group>"; };
		2DDD93B61AA9444C0026E3DD /* WebViewController.m */ = {isa = PBXFileReference; fileEncoding = 4; lastKnownFileType = sourcecode.c.objc; path = WebViewController.m; sourceTree = "<group>"; };
		2DDD93B81AA94B9E0026E3DD /* Jnnrm.jpg */ = {isa = PBXFileReference; lastKnownFileType = image.jpeg; path = Jnnrm.jpg; sourceTree = "<group>"; };
/* End PBXFileReference section */

/* Begin PBXFrameworksBuildPhase section */
		2D630EAC1AA815B4009A601E /* Frameworks */ = {
			isa = PBXFrameworksBuildPhase;
			buildActionMask = 2147483647;
			files = (
			);
			runOnlyForDeploymentPostprocessing = 0;
		};
		2D630EC51AA815B4009A601E /* Frameworks */ = {
			isa = PBXFrameworksBuildPhase;
			buildActionMask = 2147483647;
			files = (
			);
			runOnlyForDeploymentPostprocessing = 0;
		};
/* End PBXFrameworksBuildPhase section */

/* Begin PBXGroup section */
		2D630EA61AA815B4009A601E = {
			isa = PBXGroup;
			children = (
				2D630EB11AA815B4009A601E /* DBSHack */,
				2D630ECB1AA815B4009A601E /* DBSHackTests */,
				2D630EB01AA815B4009A601E /* Products */,
			);
			sourceTree = "<group>";
		};
		2D630EB01AA815B4009A601E /* Products */ = {
			isa = PBXGroup;
			children = (
				2D630EAF1AA815B4009A601E /* DBSHack.app */,
				2D630EC81AA815B4009A601E /* DBSHackTests.xctest */,
			);
			name = Products;
			sourceTree = "<group>";
		};
		2D630EB11AA815B4009A601E /* DBSHack */ = {
			isa = PBXGroup;
			children = (
				2D630EB61AA815B4009A601E /* AppDelegate.h */,
				2D630EB71AA815B4009A601E /* AppDelegate.m */,
				2D630EB91AA815B4009A601E /* ViewController.h */,
				2D630EBA1AA815B4009A601E /* ViewController.m */,
				2DDD93B81AA94B9E0026E3DD /* Jnnrm.jpg */,
				2D630EBC1AA815B4009A601E /* Main.storyboard */,
				2DDD93B51AA9444C0026E3DD /* WebViewController.h */,
				2DDD93B61AA9444C0026E3DD /* WebViewController.m */,
				2D630EBF1AA815B4009A601E /* Images.xcassets */,
				2D630EC11AA815B4009A601E /* LaunchScreen.xib */,
				2D630EB21AA815B4009A601E /* Supporting Files */,
			);
			path = DBSHack;
			sourceTree = "<group>";
		};
		2D630EB21AA815B4009A601E /* Supporting Files */ = {
			isa = PBXGroup;
			children = (
				2D630EB31AA815B4009A601E /* Info.plist */,
				2D630EB41AA815B4009A601E /* main.m */,
			);
			name = "Supporting Files";
			sourceTree = "<group>";
		};
		2D630ECB1AA815B4009A601E /* DBSHackTests */ = {
			isa = PBXGroup;
			children = (
				2D630ECE1AA815B5009A601E /* DBSHackTests.m */,
				2D630ECC1AA815B4009A601E /* Supporting Files */,
			);
			path = DBSHackTests;
			sourceTree = "<group>";
		};
		2D630ECC1AA815B4009A601E /* Supporting Files */ = {
			isa = PBXGroup;
			children = (
				2D630ECD1AA815B4009A601E /* Info.plist */,
			);
			name = "Supporting Files";
			sourceTree = "<group>";
		};
/* End PBXGroup section */

/* Begin PBXNativeTarget section */
		2D630EAE1AA815B4009A601E /* DBSHack */ = {
			isa = PBXNativeTarget;
			buildConfigurationList = 2D630ED21AA815B5009A601E /* Build configuration list for PBXNativeTarget "DBSHack" */;
			buildPhases = (
				2D630EAB1AA815B4009A601E /* Sources */,
				2D630EAC1AA815B4009A601E /* Frameworks */,
				2D630EAD1AA815B4009A601E /* Resources */,
			);
			buildRules = (
			);
			dependencies = (
			);
			name = DBSHack;
			productName = DBSHack;
			productReference = 2D630EAF1AA815B4009A601E /* DBSHack.app */;
			productType = "com.apple.product-type.application";
		};
		2D630EC71AA815B4009A601E /* DBSHackTests */ = {
			isa = PBXNativeTarget;
			buildConfigurationList = 2D630ED51AA815B5009A601E /* Build configuration list for PBXNativeTarget "DBSHackTests" */;
			buildPhases = (
				2D630EC41AA815B4009A601E /* Sources */,
				2D630EC51AA815B4009A601E /* Frameworks */,
				2D630EC61AA815B4009A601E /* Resources */,
			);
			buildRules = (
			);
			dependencies = (
				2D630ECA1AA815B4009A601E /* PBXTargetDependency */,
			);
			name = DBSHackTests;
			productName = DBSHackTests;
			productReference = 2D630EC81AA815B4009A601E /* DBSHackTests.xctest */;
			productType = "com.apple.product-type.bundle.unit-test";
		};
/* End PBXNativeTarget section */

/* Begin PBXProject section */
		2D630EA71AA815B4009A601E /* Project object */ = {
			isa = PBXProject;
			attributes = {
				LastUpgradeCheck = 0610;
				ORGANIZATIONNAME = "Rameez Remsudeen";
				TargetAttributes = {
					2D630EAE1AA815B4009A601E = {
						CreatedOnToolsVersion = 6.1.1;
					};
					2D630EC71AA815B4009A601E = {
						CreatedOnToolsVersion = 6.1.1;
						TestTargetID = 2D630EAE1AA815B4009A601E;
					};
				};
			};
			buildConfigurationList = 2D630EAA1AA815B4009A601E /* Build configuration list for PBXProject "DBSHack" */;
			compatibilityVersion = "Xcode 3.2";
			developmentRegion = English;
			hasScannedForEncodings = 0;
			knownRegions = (
				en,
				Base,
			);
			mainGroup = 2D630EA61AA815B4009A601E;
			productRefGroup = 2D630EB01AA815B4009A601E /* Products */;
			projectDirPath = "";
			projectRoot = "";
			targets = (
				2D630EAE1AA815B4009A601E /* DBSHack */,
				2D630EC71AA815B4009A601E /* DBSHackTests */,
			);
		};
/* End PBXProject section */

/* Begin PBXResourcesBuildPhase section */
		2D630EAD1AA815B4009A601E /* Resources */ = {
			isa = PBXResourcesBuildPhase;
			buildActionMask = 2147483647;
			files = (
				2D630EBE1AA815B4009A601E /* Main.storyboard in Resources */,
				2D630EC31AA815B4009A601E /* LaunchScreen.xib in Resources */,
				2D630EC01AA815B4009A601E /* Images.xcassets in Resources */,
				2DDD93B91AA94B9E0026E3DD /* Jnnrm.jpg in Resources */,
			);
			runOnlyForDeploymentPostprocessing = 0;
		};
		2D630EC61AA815B4009A601E /* Resources */ = {
			isa = PBXResourcesBuildPhase;
			buildActionMask = 2147483647;
			files = (
			);
			runOnlyForDeploymentPostprocessing = 0;
		};
/* End PBXResourcesBuildPhase section */

/* Begin PBXSourcesBuildPhase section */
		2D630EAB1AA815B4009A601E /* Sources */ = {
			isa = PBXSourcesBuildPhase;
			buildActionMask = 2147483647;
			files = (
				2D630EBB1AA815B4009A601E /* ViewController.m in Sources */,
				2D630EB81AA815B4009A601E /* AppDelegate.m in Sources */,
				2D630EB51AA815B4009A601E /* main.m in Sources */,
				2DDD93B71AA9444C0026E3DD /* WebViewController.m in Sources */,
			);
			runOnlyForDeploymentPostprocessing = 0;
		};
		2D630EC41AA815B4009A601E /* Sources */ = {
			isa = PBXSourcesBuildPhase;
			buildActionMask = 2147483647;
			files = (
				2D630ECF1AA815B5009A601E /* DBSHackTests.m in Sources */,
			);
			runOnlyForDeploymentPostprocessing = 0;
		};
/* End PBXSourcesBuildPhase section */

/* Begin PBXTargetDependency section */
		2D630ECA1AA815B4009A601E /* PBXTargetDependency */ = {
			isa = PBXTargetDependency;
			target = 2D630EAE1AA815B4009A601E /* DBSHack */;
			targetProxy = 2D630EC91AA815B4009A601E /* PBXContainerItemProxy */;
		};
/* End PBXTargetDependency section */

/* Begin PBXVariantGroup section */
		2D630EBC1AA815B4009A601E /* Main.storyboard */ = {
			isa = PBXVariantGroup;
			children = (
				2D630EBD1AA815B4009A601E /* Base */,
			);
			name = Main.storyboard;
			sourceTree = "<group>";
		};
		2D630EC11AA815B4009A601E /* LaunchScreen.xib */ = {
			isa = PBXVariantGroup;
			children = (
				2D630EC21AA815B4009A601E /* Base */,
			);
			name = LaunchScreen.xib;
			sourceTree = "<group>";
		};
/* End PBXVariantGroup section */

/* Begin XCBuildConfiguration section */
		2D630ED01AA815B5009A601E /* Debug */ = {
			isa = XCBuildConfiguration;
			buildSettings = {
				ALWAYS_SEARCH_USER_PATHS = NO;
				CLANG_CXX_LANGUAGE_STANDARD = "gnu++0x";
				CLANG_CXX_LIBRARY = "libc++";
				CLANG_ENABLE_MODULES = YES;
				CLANG_ENABLE_OBJC_ARC = YES;
				CLANG_WARN_BOOL_CONVERSION = YES;
				CLANG_WARN_CONSTANT_CONVERSION = YES;
				CLANG_WARN_DIRECT_OBJC_ISA_USAGE = YES_ERROR;
				CLANG_WARN_EMPTY_BODY = YES;
				CLANG_WARN_ENUM_CONVERSION = YES;
				CLANG_WARN_INT_CONVERSION = YES;
				CLANG_WARN_OBJC_ROOT_CLASS = YES_ERROR;
				CLANG_WARN_UNREACHABLE_CODE = YES;
				CLANG_WARN__DUPLICATE_METHOD_MATCH = YES;
				"CODE_SIGN_IDENTITY[sdk=iphoneos*]" = "iPhone Developer";
				COPY_PHASE_STRIP = NO;
				ENABLE_STRICT_OBJC_MSGSEND = YES;
				GCC_C_LANGUAGE_STANDARD = gnu99;
				GCC_DYNAMIC_NO_PIC = NO;
				GCC_OPTIMIZATION_LEVEL = 0;
				GCC_PREPROCESSOR_DEFINITIONS = (
					"DEBUG=1",
					"$(inherited)",
				);
				GCC_SYMBOLS_PRIVATE_EXTERN = NO;
				GCC_WARN_64_TO_32_BIT_CONVERSION = YES;
				GCC_WARN_ABOUT_RETURN_TYPE = YES_ERROR;
				GCC_WARN_UNDECLARED_SELECTOR = YES;
				GCC_WARN_UNINITIALIZED_AUTOS = YES_AGGRESSIVE;
				GCC_WARN_UNUSED_FUNCTION = YES;
				GCC_WARN_UNUSED_VARIABLE = YES;
				IPHONEOS_DEPLOYMENT_TARGET = 8.1;
				MTL_ENABLE_DEBUG_INFO = YES;
				ONLY_ACTIVE_ARCH = YES;
				SDKROOT = iphoneos;
			};
			name = Debug;
		};
		2D630ED11AA815B5009A601E /* Release */ = {
			isa = XCBuildConfiguration;
			buildSettings = {
				ALWAYS_SEARCH_USER_PATHS = NO;
				CLANG_CXX_LANGUAGE_STANDARD = "gnu++0x";
				CLANG_CXX_LIBRARY = "libc++";
				CLANG_ENABLE_MODULES = YES;
				CLANG_ENABLE_OBJC_ARC = YES;
				CLANG_WARN_BOOL_CONVERSION = YES;
				CLANG_WARN_CONSTANT_CONVERSION = YES;
				CLANG_WARN_DIRECT_OBJC_ISA_USAGE = YES_ERROR;
				CLANG_WARN_EMPTY_BODY = YES;
				CLANG_WARN_ENUM_CONVERSION = YES;
				CLANG_WARN_INT_CONVERSION = YES;
				CLANG_WARN_OBJC_ROOT_CLASS = YES_ERROR;
				CLANG_WARN_UNREACHABLE_CODE = YES;
				CLANG_WARN__DUPLICATE_METHOD_MATCH = YES;
				"CODE_SIGN_IDENTITY[sdk=iphoneos*]" = "iPhone Developer";
				COPY_PHASE_STRIP = YES;
				ENABLE_NS_ASSERTIONS = NO;
				ENABLE_STRICT_OBJC_MSGSEND = YES;
				GCC_C_LANGUAGE_STANDARD = gnu99;
				GCC_WARN_64_TO_32_BIT_CONVERSION = YES;
				GCC_WARN_ABOUT_RETURN_TYPE = YES_ERROR;
				GCC_WARN_UNDECLARED_SELECTOR = YES;
				GCC_WARN_UNINITIALIZED_AUTOS = YES_AGGRESSIVE;
				GCC_WARN_UNUSED_FUNCTION = YES;
				GCC_WARN_UNUSED_VARIABLE = YES;
				IPHONEOS_DEPLOYMENT_TARGET = 8.1;
				MTL_ENABLE_DEBUG_INFO = NO;
				SDKROOT = iphoneos;
				VALIDATE_PRODUCT = YES;
			};
			name = Release;
		};
		2D630ED31AA815B5009A601E /* Debug */ = {
			isa = XCBuildConfiguration;
			buildSettings = {
				ASSETCATALOG_COMPILER_APPICON_NAME = AppIcon;
				INFOPLIST_FILE = DBSHack/Info.plist;
				LD_RUNPATH_SEARCH_PATHS = "$(inherited) @executable_path/Frameworks";
				PRODUCT_NAME = "$(TARGET_NAME)";
			};
			name = Debug;
		};
		2D630ED41AA815B5009A601E /* Release */ = {
			isa = XCBuildConfiguration;
			buildSettings = {
				ASSETCATALOG_COMPILER_APPICON_NAME = AppIcon;
				INFOPLIST_FILE = DBSHack/Info.plist;
				LD_RUNPATH_SEARCH_PATHS = "$(inherited) @executable_path/Frameworks";
				PRODUCT_NAME = "$(TARGET_NAME)";
			};
			name = Release;
		};
		2D630ED61AA815B5009A601E /* Debug */ = {
			isa = XCBuildConfiguration;
			buildSettings = {
				BUNDLE_LOADER = "$(TEST_HOST)";
				FRAMEWORK_SEARCH_PATHS = (
					"$(SDKROOT)/Developer/Library/Frameworks",
					"$(inherited)",
				);
				GCC_PREPROCESSOR_DEFINITIONS = (
					"DEBUG=1",
					"$(inherited)",
				);
				INFOPLIST_FILE = DBSHackTests/Info.plist;
				LD_RUNPATH_SEARCH_PATHS = "$(inherited) @executable_path/Frameworks @loader_path/Frameworks";
				PRODUCT_NAME = "$(TARGET_NAME)";
				TEST_HOST = "$(BUILT_PRODUCTS_DIR)/DBSHack.app/DBSHack";
			};
			name = Debug;
		};
		2D630ED71AA815B5009A601E /* Release */ = {
			isa = XCBuildConfiguration;
			buildSettings = {
				BUNDLE_LOADER = "$(TEST_HOST)";
				FRAMEWORK_SEARCH_PATHS = (
					"$(SDKROOT)/Developer/Library/Frameworks",
					"$(inherited)",
				);
				INFOPLIST_FILE = DBSHackTests/Info.plist;
				LD_RUNPATH_SEARCH_PATHS = "$(inherited) @executable_path/Frameworks @loader_path/Frameworks";
				PRODUCT_NAME = "$(TARGET_NAME)";
				TEST_HOST = "$(BUILT_PRODUCTS_DIR)/DBSHack.app/DBSHack";
			};
			name = Release;
		};
/* End XCBuildConfiguration section */

/* Begin XCConfigurationList section */
		2D630EAA1AA815B4009A601E /* Build configuration list for PBXProject "DBSHack" */ = {
			isa = XCConfigurationList;
			buildConfigurations = (
				2D630ED01AA815B5009A601E /* Debug */,
				2D630ED11AA815B5009A601E /* Release */,
			);
			defaultConfigurationIsVisible = 0;
			defaultConfigurationName = Release;
		};
		2D630ED21AA815B5009A601E /* Build configuration list for PBXNativeTarget "DBSHack" */ = {
			isa = XCConfigurationList;
			buildConfigurations = (
				2D630ED31AA815B5009A601E /* Debug */,
				2D630ED41AA815B5009A601E /* Release */,
			);
			defaultConfigurationIsVisible = 0;
			defaultConfigurationName = Release;
		};
		2D630ED51AA815B5009A601E /* Build configuration list for PBXNativeTarget "DBSHackTests" */ = {
			isa = XCConfigurationList;
			buildConfigurations = (
				2D630ED61AA815B5009A601E /* Debug */,
				2D630ED71AA815B5009A601E /* Release */,
			);
			defaultConfigurationIsVisible = 0;
			defaultConfigurationName = Release;
		};
/* End XCConfigurationList section */
	};
	rootObject = 2D630EA71AA815B4009A601E /* Project object */;
}
